
Microsoft Visual Studio Solution File, Format Version 12.00
# Visual Studio 14
VisualStudioVersion = 14.0.25420.1
MinimumVisualStudioVersion = 10.0.40219.1
Project("{FAE04EC0-301F-11D3-BF4B-00C04F79EFBC}") = "UpdateLib", "UpdateLib\UpdateLib.csproj", "{4394BE57-95E2-45B1-A968-1404B0590B35}"
EndProject
Project("{FAE04EC0-301F-11D3-BF4B-00C04F79EFBC}") = "TestApp", "TestApp\TestApp.csproj", "{7C3C0345-6D01-40A6-9F01-60D8D6451FB1}"
EndProject
Project("{2150E333-8FDC-42A3-9474-1A3956D46DE8}") = "Tests", "Tests", "{4FDF7C41-4B30-4153-A06A-6DE8989B4EFF}"
EndProject
Project("{FAE04EC0-301F-11D3-BF4B-00C04F79EFBC}") = "UpdateLib.Tests", "UpdateLib.Tests\UpdateLib.Tests.csproj", "{C47B8CC3-ABAB-4F56-8CA2-1323F902D1C3}"
EndProject
Global
	GlobalSection(SolutionConfigurationPlatforms) = preSolution
		Debug|Any CPU = Debug|Any CPU
		Release|Any CPU = Release|Any CPU
	EndGlobalSection
	GlobalSection(ProjectConfigurationPlatforms) = postSolution
		{4394BE57-95E2-45B1-A968-1404B0590B35}.Debug|Any CPU.ActiveCfg = Debug|Any CPU
		{4394BE57-95E2-45B1-A968-1404B0590B35}.Debug|Any CPU.Build.0 = Debug|Any CPU
		{4394BE57-95E2-45B1-A968-1404B0590B35}.Release|Any CPU.ActiveCfg = Release|Any CPU
		{4394BE57-95E2-45B1-A968-1404B0590B35}.Release|Any CPU.Build.0 = Release|Any CPU
		{7C3C0345-6D01-40A6-9F01-60D8D6451FB1}.Debug|Any CPU.ActiveCfg = Debug|Any CPU
		{7C3C0345-6D01-40A6-9F01-60D8D6451FB1}.Debug|Any CPU.Build.0 = Debug|Any CPU
		{7C3C0345-6D01-40A6-9F01-60D8D6451FB1}.Release|Any CPU.ActiveCfg = Release|Any CPU
		{7C3C0345-6D01-40A6-9F01-60D8D6451FB1}.Release|Any CPU.Build.0 = Release|Any CPU
		{C47B8CC3-ABAB-4F56-8CA2-1323F902D1C3}.Debug|Any CPU.ActiveCfg = Debug|Any CPU
		{C47B8CC3-ABAB-4F56-8CA2-1323F902D1C3}.Debug|Any CPU.Build.0 = Debug|Any CPU
		{C47B8CC3-ABAB-4F56-8CA2-1323F902D1C3}.Release|Any CPU.ActiveCfg = Release|Any CPU
		{C47B8CC3-ABAB-4F56-8CA2-1323F902D1C3}.Release|Any CPU.Build.0 = Release|Any CPU
	EndGlobalSection
	GlobalSection(SolutionProperties) = preSolution
		HideSolutionNode = FALSE
	EndGlobalSection
	GlobalSection(NestedProjects) = preSolution
		{C47B8CC3-ABAB-4F56-8CA2-1323F902D1C3} = {4FDF7C41-4B30-4153-A06A-6DE8989B4EFF}
	EndGlobalSection
EndGlobal
